// !$*UTF8*$!
{
	archiveVersion = 1;
	classes = {
	};
	objectVersion = 50;
	objects = {

/* Begin PBXBuildFile section */
		4732FE6D207C510A0039ED23 /* AppDelegate.m in Sources */ = {isa = PBXBuildFile; fileRef = 4732FE6C207C510A0039ED23 /* AppDelegate.m */; };
		4732FE70207C510A0039ED23 /* ViewController.m in Sources */ = {isa = PBXBuildFile; fileRef = 4732FE6F207C510A0039ED23 /* ViewController.m */; };
		4732FE73207C510A0039ED23 /* Main.storyboard in Resources */ = {isa = PBXBuildFile; fileRef = 4732FE71207C510A0039ED23 /* Main.storyboard */; };
		4732FE75207C510B0039ED23 /* Assets.xcassets in Resources */ = {isa = PBXBuildFile; fileRef = 4732FE74207C510B0039ED23 /* Assets.xcassets */; };
		4732FE78207C510B0039ED23 /* LaunchScreen.storyboard in Resources */ = {isa = PBXBuildFile; fileRef = 4732FE76207C510B0039ED23 /* LaunchScreen.storyboard */; };
		4732FE7B207C510B0039ED23 /* main.m in Sources */ = {isa = PBXBuildFile; fileRef = 4732FE7A207C510B0039ED23 /* main.m */; };
		4732FE85207C510B0039ED23 /* MyFirstAppTests.m in Sources */ = {isa = PBXBuildFile; fileRef = 4732FE84207C510B0039ED23 /* MyFirstAppTests.m */; };
		4732FE90207C510B0039ED23 /* MyFirstAppUITests.m in Sources */ = {isa = PBXBuildFile; fileRef = 4732FE8F207C510B0039ED23 /* MyFirstAppUITests.m */; };
/* End PBXBuildFile section */

/* Begin PBXContainerItemProxy section */
		4732FE81207C510B0039ED23 /* PBXContainerItemProxy */ = {
			isa = PBXContainerItemProxy;
			containerPortal = 4732FE60207C510A0039ED23 /* Project object */;
			proxyType = 1;
			remoteGlobalIDString = 4732FE67207C510A0039ED23;
			remoteInfo = MyFirstApp;
		};
		4732FE8C207C510B0039ED23 /* PBXContainerItemProxy */ = {
			isa = PBXContainerItemProxy;
			containerPortal = 4732FE60207C510A0039ED23 /* Project object */;
			proxyType = 1;
			remoteGlobalIDString = 4732FE67207C510A0039ED23;
			remoteInfo = MyFirstApp;
		};
/* End PBXContainerItemProxy section */

/* Begin PBXFileReference section */
		4732FE68207C510A0039ED23 /* MyFirstApp.app */ = {isa = PBXFileReference; explicitFileType = wrapper.application; includeInIndex = 0; path = MyFirstApp.app; sourceTree = BUILT_PRODUCTS_DIR; };
		4732FE6B207C510A0039ED23 /* AppDelegate.h */ = {isa = PBXFileReference; lastKnownFileType = sourcecode.c.h; path = AppDelegate.h; sourceTree = "<group>"; };
		4732FE6C207C510A0039ED23 /* AppDelegate.m */ = {isa = PBXFileReference; lastKnownFileType = sourcecode.c.objc; path = AppDelegate.m; sourceTree = "<group>"; };
		4732FE6E207C510A0039ED23 /* ViewController.h */ = {isa = PBXFileReference; lastKnownFileType = sourcecode.c.h; path = ViewController.h; sourceTree = "<group>"; };
		4732FE6F207C510A0039ED23 /* ViewController.m */ = {isa = PBXFileReference; lastKnownFileType = sourcecode.c.objc; path = ViewController.m; sourceTree = "<group>"; };
		4732FE72207C510A0039ED23 /* Base */ = {isa = PBXFileReference; lastKnownFileType = file.storyboard; name = Base; path = Base.lproj/Main.storyboard; sourceTree = "<group>"; };
		4732FE74207C510B0039ED23 /* Assets.xcassets */ = {isa = PBXFileReference; lastKnownFileType = folder.assetcatalog; path = Assets.xcassets; sourceTree = "<group>"; };
		4732FE77207C510B0039ED23 /* Base */ = {isa = PBXFileReference; lastKnownFileType = file.storyboard; name = Base; path = Base.lproj/LaunchScreen.storyboard; sourceTree = "<group>"; };
		4732FE79207C510B0039ED23 /* Info.plist */ = {isa = PBXFileReference; lastKnownFileType = text.plist.xml; path = Info.plist; sourceTree = "<group>"; };
		4732FE7A207C510B0039ED23 /* main.m */ = {isa = PBXFileReference; lastKnownFileType = sourcecode.c.objc; path = main.m; sourceTree = "<group>"; };
		4732FE80207C510B0039ED23 /* MyFirstAppTests.xctest */ = {isa = PBXFileReference; explicitFileType = wrapper.cfbundle; includeInIndex = 0; path = MyFirstAppTests.xctest; sourceTree = BUILT_PRODUCTS_DIR; };
		4732FE84207C510B0039ED23 /* MyFirstAppTests.m */ = {isa = PBXFileReference; lastKnownFileType = sourcecode.c.objc; path = MyFirstAppTests.m; sourceTree = "<group>"; };
		4732FE86207C510B0039ED23 /* Info.plist */ = {isa = PBXFileReference; lastKnownFileType = text.plist.xml; path = Info.plist; sourceTree = "<group>"; };
		4732FE8B207C510B0039ED23 /* MyFirstAppUITests.xctest */ = {isa = PBXFileReference; explicitFileType = wrapper.cfbundle; includeInIndex = 0; path = MyFirstAppUITests.xctest; sourceTree = BUILT_PRODUCTS_DIR; };
		4732FE8F207C510B0039ED23 /* MyFirstAppUITests.m */ = {isa = PBXFileReference; lastKnownFileType = sourcecode.c.objc; path = MyFirstAppUITests.m; sourceTree = "<group>"; };
		4732FE91207C510B0039ED23 /* Info.plist */ = {isa = PBXFileReference; lastKnownFileType = text.plist.xml; path = Info.plist; sourceTree = "<group>"; };
/* End PBXFileReference section */

/* Begin PBXFrameworksBuildPhase section */
		4732FE65207C510A0039ED23 /* Frameworks */ = {
			isa = PBXFrameworksBuildPhase;
			buildActionMask = 2147483647;
			files = (
			);
			runOnlyForDeploymentPostprocessing = 0;
		};
		4732FE7D207C510B0039ED23 /* Frameworks */ = {
			isa = PBXFrameworksBuildPhase;
			buildActionMask = 2147483647;
			files = (
			);
			runOnlyForDeploymentPostprocessing = 0;
		};
		4732FE88207C510B0039ED23 /* Frameworks */ = {
			isa = PBXFrameworksBuildPhase;
			buildActionMask = 2147483647;
			files = (
			);
			runOnlyForDeploymentPostprocessing = 0;
		};
/* End PBXFrameworksBuildPhase section */

/* Begin PBXGroup section */
		4732FE5F207C510A0039ED23 = {
			isa = PBXGroup;
			children = (
				4732FE6A207C510A0039ED23 /* MyFirstApp */,
				4732FE83207C510B0039ED23 /* MyFirstAppTests */,
				4732FE8E207C510B0039ED23 /* MyFirstAppUITests */,
				4732FE69207C510A0039ED23 /* Products */,
			);
			sourceTree = "<group>";
		};
		4732FE69207C510A0039ED23 /* Products */ = {
			isa = PBXGroup;
			children = (
				4732FE68207C510A0039ED23 /* MyFirstApp.app */,
				4732FE80207C510B0039ED23 /* MyFirstAppTests.xctest */,
				4732FE8B207C510B0039ED23 /* MyFirstAppUITests.xctest */,
			);
			name = Products;
			sourceTree = "<group>";
		};
		4732FE6A207C510A0039ED23 /* MyFirstApp */ = {
			isa = PBXGroup;
			children = (
				4732FE6B207C510A0039ED23 /* AppDelegate.h */,
				4732FE6C207C510A0039ED23 /* AppDelegate.m */,
				4732FE6E207C510A0039ED23 /* ViewController.h */,
				4732FE6F207C510A0039ED23 /* ViewController.m */,
				4732FE71207C510A0039ED23 /* Main.storyboard */,
				4732FE74207C510B0039ED23 /* Assets.xcassets */,
				4732FE76207C510B0039ED23 /* LaunchScreen.storyboard */,
				4732FE79207C510B0039ED23 /* Info.plist */,
				4732FE7A207C510B0039ED23 /* main.m */,
			);
			path = MyFirstApp;
			sourceTree = "<group>";
		};
		4732FE83207C510B0039ED23 /* MyFirstAppTests */ = {
			isa = PBXGroup;
			children = (
				4732FE84207C510B0039ED23 /* MyFirstAppTests.m */,
				4732FE86207C510B0039ED23 /* Info.plist */,
			);
			path = MyFirstAppTests;
			sourceTree = "<group>";
		};
		4732FE8E207C510B0039ED23 /* MyFirstAppUITests */ = {
			isa = PBXGroup;
			children = (
				4732FE8F207C510B0039ED23 /* MyFirstAppUITests.m */,
				4732FE91207C510B0039ED23 /* Info.plist */,
			);
			path = MyFirstAppUITests;
			sourceTree = "<group>";
		};
/* End PBXGroup section */

/* Begin PBXNativeTarget section */
		4732FE67207C510A0039ED23 /* MyFirstApp */ = {
			isa = PBXNativeTarget;
			buildConfigurationList = 4732FE94207C510B0039ED23 /* Build configuration list for PBXNativeTarget "MyFirstApp" */;
			buildPhases = (
				4732FE64207C510A0039ED23 /* Sources */,
				4732FE65207C510A0039ED23 /* Frameworks */,
				4732FE66207C510A0039ED23 /* Resources */,
			);
			buildRules = (
			);
			dependencies = (
			);
			name = MyFirstApp;
			productName = MyFirstApp;
			productReference = 4732FE68207C510A0039ED23 /* MyFirstApp.app */;
			productType = "com.apple.product-type.application";
		};
		4732FE7F207C510B0039ED23 /* MyFirstAppTests */ = {
			isa = PBXNativeTarget;
			buildConfigurationList = 4732FE97207C510B0039ED23 /* Build configuration list for PBXNativeTarget "MyFirstAppTests" */;
			buildPhases = (
				4732FE7C207C510B0039ED23 /* Sources */,
				4732FE7D207C510B0039ED23 /* Frameworks */,
				4732FE7E207C510B0039ED23 /* Resources */,
			);
			buildRules = (
			);
			dependencies = (
				4732FE82207C510B0039ED23 /* PBXTargetDependency */,
			);
			name = MyFirstAppTests;
			productName = MyFirstAppTests;
			productReference = 4732FE80207C510B0039ED23 /* MyFirstAppTests.xctest */;
			productType = "com.apple.product-type.bundle.unit-test";
		};
		4732FE8A207C510B0039ED23 /* MyFirstAppUITests */ = {
			isa = PBXNativeTarget;
			buildConfigurationList = 4732FE9A207C510B0039ED23 /* Build configuration list for PBXNativeTarget "MyFirstAppUITests" */;
			buildPhases = (
				4732FE87207C510B0039ED23 /* Sources */,
				4732FE88207C510B0039ED23 /* Frameworks */,
				4732FE89207C510B0039ED23 /* Resources */,
			);
			buildRules = (
			);
			dependencies = (
				4732FE8D207C510B0039ED23 /* PBXTargetDependency */,
			);
			name = MyFirstAppUITests;
			productName = MyFirstAppUITests;
			productReference = 4732FE8B207C510B0039ED23 /* MyFirstAppUITests.xctest */;
			productType = "com.apple.product-type.bundle.ui-testing";
		};
/* End PBXNativeTarget section */

/* Begin PBXProject section */
		4732FE60207C510A0039ED23 /* Project object */ = {
			isa = PBXProject;
			attributes = {
				LastUpgradeCheck = 0930;
				ORGANIZATIONNAME = "ARES HUANG";
				TargetAttributes = {
					4732FE67207C510A0039ED23 = {
						CreatedOnToolsVersion = 9.3;
					};
					4732FE7F207C510B0039ED23 = {
						CreatedOnToolsVersion = 9.3;
						TestTargetID = 4732FE67207C510A0039ED23;
					};
					4732FE8A207C510B0039ED23 = {
						CreatedOnToolsVersion = 9.3;
						TestTargetID = 4732FE67207C510A0039ED23;
					};
				};
			};
			buildConfigurationList = 4732FE63207C510A0039ED23 /* Build configuration list for PBXProject "MyFirstApp" */;
			compatibilityVersion = "Xcode 9.3";
			developmentRegion = en;
			hasScannedForEncodings = 0;
			knownRegions = (
				en,
				Base,
			);
			mainGroup = 4732FE5F207C510A0039ED23;
			productRefGroup = 4732FE69207C510A0039ED23 /* Products */;
			projectDirPath = "";
			projectRoot = "";
			targets = (
				4732FE67207C510A0039ED23 /* MyFirstApp */,
				4732FE7F207C510B0039ED23 /* MyFirstAppTests */,
				4732FE8A207C510B0039ED23 /* MyFirstAppUITests */,
			);
		};
/* End PBXProject section */

/* Begin PBXResourcesBuildPhase section */
		4732FE66207C510A0039ED23 /* Resources */ = {
			isa = PBXResourcesBuildPhase;
			buildActionMask = 2147483647;
			files = (
				4732FE78207C510B0039ED23 /* LaunchScreen.storyboard in Resources */,
				4732FE75207C510B0039ED23 /* Assets.xcassets in Resources */,
				4732FE73207C510A0039ED23 /* Main.storyboard in Resources */,
			);
			runOnlyForDeploymentPostprocessing = 0;
		};
		4732FE7E207C510B0039ED23 /* Resources */ = {
			isa = PBXResourcesBuildPhase;
			buildActionMask = 2147483647;
			files = (
			);
			runOnlyForDeploymentPostprocessing = 0;
		};
		4732FE89207C510B0039ED23 /* Resources */ = {
			isa = PBXResourcesBuildPhase;
			buildActionMask = 2147483647;
			files = (
			);
			runOnlyForDeploymentPostprocessing = 0;
		};
/* End PBXResourcesBuildPhase section */

/* Begin PBXSourcesBuildPhase section */
		4732FE64207C510A0039ED23 /* Sources */ = {
			isa = PBXSourcesBuildPhase;
			buildActionMask = 2147483647;
			files = (
				4732FE70207C510A0039ED23 /* ViewController.m in Sources */,
				4732FE7B207C510B0039ED23 /* main.m in Sources */,
				4732FE6D207C510A0039ED23 /* AppDelegate.m in Sources */,
			);
			runOnlyForDeploymentPostprocessing = 0;
		};
		4732FE7C207C510B0039ED23 /* Sources */ = {
			isa = PBXSourcesBuildPhase;
			buildActionMask = 2147483647;
			files = (
				4732FE85207C510B0039ED23 /* MyFirstAppTests.m in Sources */,
			);
			runOnlyForDeploymentPostprocessing = 0;
		};
		4732FE87207C510B0039ED23 /* Sources */ = {
			isa = PBXSourcesBuildPhase;
			buildActionMask = 2147483647;
			files = (
				4732FE90207C510B0039ED23 /* MyFirstAppUITests.m in Sources */,
			);
			runOnlyForDeploymentPostprocessing = 0;
		};
/* End PBXSourcesBuildPhase section */

/* Begin PBXTargetDependency section */
		4732FE82207C510B0039ED23 /* PBXTargetDependency */ = {
			isa = PBXTargetDependency;
			target = 4732FE67207C510A0039ED23 /* MyFirstApp */;
			targetProxy = 4732FE81207C510B0039ED23 /* PBXContainerItemProxy */;
		};
		4732FE8D207C510B0039ED23 /* PBXTargetDependency */ = {
			isa = PBXTargetDependency;
			target = 4732FE67207C510A0039ED23 /* MyFirstApp */;
			targetProxy = 4732FE8C207C510B0039ED23 /* PBXContainerItemProxy */;
		};
/* End PBXTargetDependency section */

/* Begin PBXVariantGroup section */
		4732FE71207C510A0039ED23 /* Main.storyboard */ = {
			isa = PBXVariantGroup;
			children = (
				4732FE72207C510A0039ED23 /* Base */,
			);
			name = Main.storyboard;
			sourceTree = "<group>";
		};
		4732FE76207C510B0039ED23 /* LaunchScreen.storyboard */ = {
			isa = PBXVariantGroup;
			children = (
				4732FE77207C510B0039ED23 /* Base */,
			);
			name = LaunchScreen.storyboard;
			sourceTree = "<group>";
		};
/* End PBXVariantGroup section */

/* Begin XCBuildConfiguration section */
		4732FE92207C510B0039ED23 /* Debug */ = {
			isa = XCBuildConfiguration;
			buildSettings = {
				ALWAYS_SEARCH_USER_PATHS = NO;
				CLANG_ANALYZER_NONNULL = YES;
				CLANG_ANALYZER_NUMBER_OBJECT_CONVERSION = YES_AGGRESSIVE;
				CLANG_CXX_LANGUAGE_STANDARD = "gnu++14";
				CLANG_CXX_LIBRARY = "libc++";
				CLANG_ENABLE_MODULES = YES;
				CLANG_ENABLE_OBJC_ARC = YES;
				CLANG_ENABLE_OBJC_WEAK = YES;
				CLANG_WARN_BLOCK_CAPTURE_AUTORELEASING = YES;
				CLANG_WARN_BOOL_CONVERSION = YES;
				CLANG_WARN_COMMA = YES;
				CLANG_WARN_CONSTANT_CONVERSION = YES;
				CLANG_WARN_DEPRECATED_OBJC_IMPLEMENTATIONS = YES;
				CLANG_WARN_DIRECT_OBJC_ISA_USAGE = YES_ERROR;
				CLANG_WARN_DOCUMENTATION_COMMENTS = YES;
				CLANG_WARN_EMPTY_BODY = YES;
				CLANG_WARN_ENUM_CONVERSION = YES;
				CLANG_WARN_INFINITE_RECURSION = YES;
				CLANG_WARN_INT_CONVERSION = YES;
				CLANG_WARN_NON_LITERAL_NULL_CONVERSION = YES;
				CLANG_WARN_OBJC_IMPLICIT_RETAIN_SELF = YES;
				CLANG_WARN_OBJC_LITERAL_CONVERSION = YES;
				CLANG_WARN_OBJC_ROOT_CLASS = YES_ERROR;
				CLANG_WARN_RANGE_LOOP_ANALYSIS = YES;
				CLANG_WARN_STRICT_PROTOTYPES = YES;
				CLANG_WARN_SUSPICIOUS_MOVE = YES;
				CLANG_WARN_UNGUARDED_AVAILABILITY = YES_AGGRESSIVE;
				CLANG_WARN_UNREACHABLE_CODE = YES;
				CLANG_WARN__DUPLICATE_METHOD_MATCH = YES;
				CODE_SIGN_IDENTITY = "iPhone Developer";
				COPY_PHASE_STRIP = NO;
				DEBUG_INFORMATION_FORMAT = dwarf;
				ENABLE_STRICT_OBJC_MSGSEND = YES;
				ENABLE_TESTABILITY = YES;
				GCC_C_LANGUAGE_STANDARD = gnu11;
				GCC_DYNAMIC_NO_PIC = NO;
				GCC_NO_COMMON_BLOCKS = YES;
				GCC_OPTIMIZATION_LEVEL = 0;
				GCC_PREPROCESSOR_DEFINITIONS = (
					"DEBUG=1",
					"$(inherited)",
				);
				GCC_WARN_64_TO_32_BIT_CONVERSION = YES;
				GCC_WARN_ABOUT_RETURN_TYPE = YES_ERROR;
				GCC_WARN_UNDECLARED_SELECTOR = YES;
				GCC_WARN_UNINITIALIZED_AUTOS = YES_AGGRESSIVE;
				GCC_WARN_UNUSED_FUNCTION = YES;
				GCC_WARN_UNUSED_VARIABLE = YES;
				IPHONEOS_DEPLOYMENT_TARGET = 11.3;
				MTL_ENABLE_DEBUG_INFO = YES;
				ONLY_ACTIVE_ARCH = YES;
				SDKROOT = iphoneos;
			};
			name = Debug;
		};
		4732FE93207C510B0039ED23 /* Release */ = {
			isa = XCBuildConfiguration;
			buildSettings = {
				ALWAYS_SEARCH_USER_PATHS = NO;
				CLANG_ANALYZER_NONNULL = YES;
				CLANG_ANALYZER_NUMBER_OBJECT_CONVERSION = YES_AGGRESSIVE;
				CLANG_CXX_LANGUAGE_STANDARD = "gnu++14";
				CLANG_CXX_LIBRARY = "libc++";
				CLANG_ENABLE_MODULES = YES;
				CLANG_ENABLE_OBJC_ARC = YES;
				CLANG_ENABLE_OBJC_WEAK = YES;
				CLANG_WARN_BLOCK_CAPTURE_AUTORELEASING = YES;
				CLANG_WARN_BOOL_CONVERSION = YES;
				CLANG_WARN_COMMA = YES;
				CLANG_WARN_CONSTANT_CONVERSION = YES;
				CLANG_WARN_DEPRECATED_OBJC_IMPLEMENTATIONS = YES;
				CLANG_WARN_DIRECT_OBJC_ISA_USAGE = YES_ERROR;
				CLANG_WARN_DOCUMENTATION_COMMENTS = YES;
				CLANG_WARN_EMPTY_BODY = YES;
				CLANG_WARN_ENUM_CONVERSION = YES;
				CLANG_WARN_INFINITE_RECURSION = YES;
				CLANG_WARN_INT_CONVERSION = YES;
				CLANG_WARN_NON_LITERAL_NULL_CONVERSION = YES;
				CLANG_WARN_OBJC_IMPLICIT_RETAIN_SELF = YES;
				CLANG_WARN_OBJC_LITERAL_CONVERSION = YES;
				CLANG_WARN_OBJC_ROOT_CLASS = YES_ERROR;
				CLANG_WARN_RANGE_LOOP_ANALYSIS = YES;
				CLANG_WARN_STRICT_PROTOTYPES = YES;
				CLANG_WARN_SUSPICIOUS_MOVE = YES;
				CLANG_WARN_UNGUARDED_AVAILABILITY = YES_AGGRESSIVE;
				CLANG_WARN_UNREACHABLE_CODE = YES;
				CLANG_WARN__DUPLICATE_METHOD_MATCH = YES;
				CODE_SIGN_IDENTITY = "iPhone Developer";
				COPY_PHASE_STRIP = NO;
				DEBUG_INFORMATION_FORMAT = "dwarf-with-dsym";
				ENABLE_NS_ASSERTIONS = NO;
				ENABLE_STRICT_OBJC_MSGSEND = YES;
				GCC_C_LANGUAGE_STANDARD = gnu11;
				GCC_NO_COMMON_BLOCKS = YES;
				GCC_WARN_64_TO_32_BIT_CONVERSION = YES;
				GCC_WARN_ABOUT_RETURN_TYPE = YES_ERROR;
				GCC_WARN_UNDECLARED_SELECTOR = YES;
				GCC_WARN_UNINITIALIZED_AUTOS = YES_AGGRESSIVE;
				GCC_WARN_UNUSED_FUNCTION = YES;
				GCC_WARN_UNUSED_VARIABLE = YES;
				IPHONEOS_DEPLOYMENT_TARGET = 11.3;
				MTL_ENABLE_DEBUG_INFO = NO;
				SDKROOT = iphoneos;
				VALIDATE_PRODUCT = YES;
			};
			name = Release;
		};
		4732FE95207C510B0039ED23 /* Debug */ = {
			isa = XCBuildConfiguration;
			buildSettings = {
				ASSETCATALOG_COMPILER_APPICON_NAME = AppIcon;
				CODE_SIGN_STYLE = Automatic;
				DEVELOPMENT_TEAM = 24V4MNNRUF;
				INFOPLIST_FILE = MyFirstApp/Info.plist;
				LD_RUNPATH_SEARCH_PATHS = (
					"$(inherited)",
					"@executable_path/Frameworks",
				);
				PRODUCT_BUNDLE_IDENTIFIER = aresyhoo.MyFirstApp;
				PRODUCT_NAME = "$(TARGET_NAME)";
				TARGETED_DEVICE_FAMILY = "1,2";
			};
			name = Debug;
		};
		4732FE96207C510B0039ED23 /* Release */ = {
			isa = XCBuildConfiguration;
			buildSettings = {
				ASSETCATALOG_COMPILER_APPICON_NAME = AppIcon;
				CODE_SIGN_STYLE = Automatic;
				DEVELOPMENT_TEAM = 24V4MNNRUF;
				INFOPLIST_FILE = MyFirstApp/Info.plist;
				LD_RUNPATH_SEARCH_PATHS = (
					"$(inherited)",
					"@executable_path/Frameworks",
				);
				PRODUCT_BUNDLE_IDENTIFIER = aresyhoo.MyFirstApp;
				PRODUCT_NAME = "$(TARGET_NAME)";
				TARGETED_DEVICE_FAMILY = "1,2";
			};
			name = Release;
		};
		4732FE98207C510B0039ED23 /* Debug */ = {
			isa = XCBuildConfiguration;
			buildSettings = {
				BUNDLE_LOADER = "$(TEST_HOST)";
				CODE_SIGN_STYLE = Automatic;
				DEVELOPMENT_TEAM = 24V4MNNRUF;
				INFOPLIST_FILE = MyFirstAppTests/Info.plist;
				LD_RUNPATH_SEARCH_PATHS = (
					"$(inherited)",
					"@executable_path/Frameworks",
					"@loader_path/Frameworks",
				);
				PRODUCT_BUNDLE_IDENTIFIER = aresyhoo.MyFirstAppTests;
				PRODUCT_NAME = "$(TARGET_NAME)";
				TARGETED_DEVICE_FAMILY = "1,2";
				TEST_HOST = "$(BUILT_PRODUCTS_DIR)/MyFirstApp.app/MyFirstApp";
			};
			name = Debug;
		};
		4732FE99207C510B0039ED23 /* Release */ = {
			isa = XCBuildConfiguration;
			buildSettings = {
				BUNDLE_LOADER = "$(TEST_HOST)";
				CODE_SIGN_STYLE = Automatic;
				DEVELOPMENT_TEAM = 24V4MNNRUF;
				INFOPLIST_FILE = MyFirstAppTests/Info.plist;
				LD_RUNPATH_SEARCH_PATHS = (
					"$(inherited)",
					"@executable_path/Frameworks",
					"@loader_path/Frameworks",
				);
				PRODUCT_BUNDLE_IDENTIFIER = aresyhoo.MyFirstAppTests;
				PRODUCT_NAME = "$(TARGET_NAME)";
				TARGETED_DEVICE_FAMILY = "1,2";
				TEST_HOST = "$(BUILT_PRODUCTS_DIR)/MyFirstApp.app/MyFirstApp";
			};
			name = Release;
		};
		4732FE9B207C510B0039ED23 /* Debug */ = {
			isa = XCBuildConfiguration;
			buildSettings = {
				CODE_SIGN_STYLE = Automatic;
				DEVELOPMENT_TEAM = 24V4MNNRUF;
				INFOPLIST_FILE = MyFirstAppUITests/Info.plist;
				LD_RUNPATH_SEARCH_PATHS = (
					"$(inherited)",
					"@executable_path/Frameworks",
					"@loader_path/Frameworks",
				);
				PRODUCT_BUNDLE_IDENTIFIER = aresyhoo.MyFirstAppUITests;
				PRODUCT_NAME = "$(TARGET_NAME)";
				TARGETED_DEVICE_FAMILY = "1,2";
				TEST_TARGET_NAME = MyFirstApp;
			};
			name = Debug;
		};
		4732FE9C207C510B0039ED23 /* Release */ = {
			isa = XCBuildConfiguration;
			buildSettings = {
				CODE_SIGN_STYLE = Automatic;
				DEVELOPMENT_TEAM = 24V4MNNRUF;
				INFOPLIST_FILE = MyFirstAppUITests/Info.plist;
				LD_RUNPATH_SEARCH_PATHS = (
					"$(inherited)",
					"@executable_path/Frameworks",
					"@loader_path/Frameworks",
				);
				PRODUCT_BUNDLE_IDENTIFIER = aresyhoo.MyFirstAppUITests;
				PRODUCT_NAME = "$(TARGET_NAME)";
				TARGETED_DEVICE_FAMILY = "1,2";
				TEST_TARGET_NAME = MyFirstApp;
			};
			name = Release;
		};
/* End XCBuildConfiguration section */

/* Begin XCConfigurationList section */
		4732FE63207C510A0039ED23 /* Build configuration list for PBXProject "MyFirstApp" */ = {
			isa = XCConfigurationList;
			buildConfigurations = (
				4732FE92207C510B0039ED23 /* Debug */,
				4732FE93207C510B0039ED23 /* Release */,
			);
			defaultConfigurationIsVisible = 0;
			defaultConfigurationName = Release;
		};
		4732FE94207C510B0039ED23 /* Build configuration list for PBXNativeTarget "MyFirstApp" */ = {
			isa = XCConfigurationList;
			buildConfigurations = (
				4732FE95207C510B0039ED23 /* Debug */,
				4732FE96207C510B0039ED23 /* Release */,
			);
			defaultConfigurationIsVisible = 0;
			defaultConfigurationName = Release;
		};
		4732FE97207C510B0039ED23 /* Build configuration list for PBXNativeTarget "MyFirstAppTests" */ = {
			isa = XCConfigurationList;
			buildConfigurations = (
				4732FE98207C510B0039ED23 /* Debug */,
				4732FE99207C510B0039ED23 /* Release */,
			);
			defaultConfigurationIsVisible = 0;
			defaultConfigurationName = Release;
		};
		4732FE9A207C510B0039ED23 /* Build configuration list for PBXNativeTarget "MyFirstAppUITests" */ = {
			isa = XCConfigurationList;
			buildConfigurations = (
				4732FE9B207C510B0039ED23 /* Debug */,
				4732FE9C207C510B0039ED23 /* Release */,
			);
			defaultConfigurationIsVisible = 0;
			defaultConfigurationName = Release;
		};
/* End XCConfigurationList section */
	};
	rootObject = 4732FE60207C510A0039ED23 /* Project object */;
}
